
Microsoft Visual Studio Solution File, Format Version 12.00
# Visual Studio Version 16
VisualStudioVersion = 16.0.31911.196
MinimumVisualStudioVersion = 10.0.40219.1
Project("{FAE04EC0-301F-11D3-BF4B-00C04F79EFBC}") = "LaboratuvarTahlilSonucOtomasyonu", "LaboratuvarTahlilSonucOtomasyonu\LaboratuvarTahlilSonucOtomasyonu.csproj", "{6FDB4C2E-E499-4436-80EC-47616F98DFE4}"
EndProject
Project("{54435603-DBB4-11D2-8724-00A0C9A8B90C}") = "Laboratuvar Tahlil Setup", "Laboratuvar Tahlil Setup\Laboratuvar Tahlil Setup.vdproj", "{24E4AD7F-47AD-4FE4-BBA5-FD8156A9C516}"
EndProject
Global
	GlobalSection(SolutionConfigurationPlatforms) = preSolution
		Debug|Any CPU = Debug|Any CPU
		Release|Any CPU = Release|Any CPU
	EndGlobalSection
	GlobalSection(ProjectConfigurationPlatforms) = postSolution
		{6FDB4C2E-E499-4436-80EC-47616F98DFE4}.Debug|Any CPU.ActiveCfg = Debug|Any CPU
		{6FDB4C2E-E499-4436-80EC-47616F98DFE4}.Debug|Any CPU.Build.0 = Debug|Any CPU
		{6FDB4C2E-E499-4436-80EC-47616F98DFE4}.Release|Any CPU.ActiveCfg = Release|Any CPU
		{6FDB4C2E-E499-4436-80EC-47616F98DFE4}.Release|Any CPU.Build.0 = Release|Any CPU
		{24E4AD7F-47AD-4FE4-BBA5-FD8156A9C516}.Debug|Any CPU.ActiveCfg = Debug
		{24E4AD7F-47AD-4FE4-BBA5-FD8156A9C516}.Release|Any CPU.ActiveCfg = Release
	EndGlobalSection
	GlobalSection(SolutionProperties) = preSolution
		HideSolutionNode = FALSE
	EndGlobalSection
	GlobalSection(ExtensibilityGlobals) = postSolution
		SolutionGuid = {70BBF645-1558-43A4-A67B-7F147E251DAE}
	EndGlobalSection
EndGlobal
